
Microsoft Visual Studio Solution File, Format Version 12.00
# Visual Studio Version 17
VisualStudioVersion = 17.13.35818.85
MinimumVisualStudioVersion = 10.0.40219.1
Project("{FAE04EC0-301F-11D3-BF4B-00C04F79EFBC}") = "firs project", "firs project\firs project.csproj", "{55CEB700-9314-485B-80F6-88994015CA8B}"
EndProject
Project("{FAE04EC0-301F-11D3-BF4B-00C04F79EFBC}") = "ConsoleApp1", "ConsoleApp1\ConsoleApp1.csproj", "{65BD81C0-8CC2-475F-B664-04F19F2C290A}"
EndProject
Global
	GlobalSection(SolutionConfigurationPlatforms) = preSolution
		Debug|Any CPU = Debug|Any CPU
		Release|Any CPU = Release|Any CPU
	EndGlobalSection
	GlobalSection(ProjectConfigurationPlatforms) = postSolution
		{55CEB700-9314-485B-80F6-88994015CA8B}.Debug|Any CPU.ActiveCfg = Debug|Any CPU
		{55CEB700-9314-485B-80F6-88994015CA8B}.Debug|Any CPU.Build.0 = Debug|Any CPU
		{55CEB700-9314-485B-80F6-88994015CA8B}.Release|Any CPU.ActiveCfg = Release|Any CPU
		{55CEB700-9314-485B-80F6-88994015CA8B}.Release|Any CPU.Build.0 = Release|Any CPU
		{65BD81C0-8CC2-475F-B664-04F19F2C290A}.Debug|Any CPU.ActiveCfg = Debug|Any CPU
		{65BD81C0-8CC2-475F-B664-04F19F2C290A}.Debug|Any CPU.Build.0 = Debug|Any CPU
		{65BD81C0-8CC2-475F-B664-04F19F2C290A}.Release|Any CPU.ActiveCfg = Release|Any CPU
		{65BD81C0-8CC2-475F-B664-04F19F2C290A}.Release|Any CPU.Build.0 = Release|Any CPU
	EndGlobalSection
	GlobalSection(SolutionProperties) = preSolution
		HideSolutionNode = FALSE
	EndGlobalSection
	GlobalSection(ExtensibilityGlobals) = postSolution
		SolutionGuid = {886D3CC8-FC70-4596-8422-F60937B139A1}
	EndGlobalSection
EndGlobal
